[[package]]
name = "aligned"
version = "0.2.0"
source = "registry+https://github.com/rust-lang/crates.io-index"

[[package]]
name = "bare-metal"
version = "0.2.3"
source = "registry+https://github.com/rust-lang/crates.io-index"

[[package]]
name = "cast"
version = "0.2.2"
source = "registry+https://github.com/rust-lang/crates.io-index"

[[package]]
name = "cc"
version = "1.0.18"
source = "registry+https://github.com/rust-lang/crates.io-index"

[[package]]
name = "cortex-m"
version = "0.5.4"
source = "registry+https://github.com/rust-lang/crates.io-index"
dependencies = [
 "aligned 0.2.0 (registry+https://github.com/rust-lang/crates.io-index)",
 "bare-metal 0.2.3 (registry+https://github.com/rust-lang/crates.io-index)",
 "cc 1.0.18 (registry+https://github.com/rust-lang/crates.io-index)",
 "volatile-register 0.2.0 (registry+https://github.com/rust-lang/crates.io-index)",
]

[[package]]
name = "cortex-m-rt"
version = "0.5.2"
source = "registry+https://github.com/rust-lang/crates.io-index"
dependencies = [
 "cc 1.0.18 (registry+https://github.com/rust-lang/crates.io-index)",
 "r0 0.2.2 (registry+https://github.com/rust-lang/crates.io-index)",
]

[[package]]
name = "cortex-m-semihosting"
version = "0.3.0"
source = "registry+https://github.com/rust-lang/crates.io-index"
dependencies = [
 "cc 1.0.18 (registry+https://github.com/rust-lang/crates.io-index)",
]

[[package]]
name = "embedded-hal"
version = "0.2.1"
source = "registry+https://github.com/rust-lang/crates.io-index"
dependencies = [
 "nb 0.1.1 (registry+https://github.com/rust-lang/crates.io-index)",
 "void 1.0.2 (registry+https://github.com/rust-lang/crates.io-index)",
]

[[package]]
name = "embedded_types"
version = "0.3.2"
source = "registry+https://github.com/rust-lang/crates.io-index"

[[package]]
name = "nb"
version = "0.1.1"
source = "registry+https://github.com/rust-lang/crates.io-index"

[[package]]
name = "nucleo-f767zi"
version = "0.0.1"
source = "git+https://github.com/jonlamb-gh/nucleo-f767zi.git?branch=devel#4c722346a436165755ee763922df3b0bea54533d"
dependencies = [
 "cast 0.2.2 (registry+https://github.com/rust-lang/crates.io-index)",
 "embedded-hal 0.2.1 (registry+https://github.com/rust-lang/crates.io-index)",
 "nb 0.1.1 (registry+https://github.com/rust-lang/crates.io-index)",
 "stm32f767-hal 0.0.1 (git+https://github.com/jonlamb-gh/stm32f767-hal.git?branch=devel)",
]

[[package]]
name = "num"
version = "0.2.0"
source = "registry+https://github.com/rust-lang/crates.io-index"
dependencies = [
 "num-complex 0.2.0 (registry+https://github.com/rust-lang/crates.io-index)",
 "num-integer 0.1.39 (registry+https://github.com/rust-lang/crates.io-index)",
 "num-iter 0.1.37 (registry+https://github.com/rust-lang/crates.io-index)",
 "num-rational 0.2.1 (registry+https://github.com/rust-lang/crates.io-index)",
 "num-traits 0.2.5 (registry+https://github.com/rust-lang/crates.io-index)",
]

[[package]]
name = "num-complex"
version = "0.2.0"
source = "registry+https://github.com/rust-lang/crates.io-index"
dependencies = [
 "num-traits 0.2.5 (registry+https://github.com/rust-lang/crates.io-index)",
]

[[package]]
name = "num-integer"
version = "0.1.39"
source = "registry+https://github.com/rust-lang/crates.io-index"
dependencies = [
 "num-traits 0.2.5 (registry+https://github.com/rust-lang/crates.io-index)",
]

[[package]]
name = "num-iter"
version = "0.1.37"
source = "registry+https://github.com/rust-lang/crates.io-index"
dependencies = [
 "num-integer 0.1.39 (registry+https://github.com/rust-lang/crates.io-index)",
 "num-traits 0.2.5 (registry+https://github.com/rust-lang/crates.io-index)",
]

[[package]]
name = "num-rational"
version = "0.2.1"
source = "registry+https://github.com/rust-lang/crates.io-index"
dependencies = [
 "num-integer 0.1.39 (registry+https://github.com/rust-lang/crates.io-index)",
 "num-traits 0.2.5 (registry+https://github.com/rust-lang/crates.io-index)",
]

[[package]]
name = "num-traits"
version = "0.2.5"
source = "registry+https://github.com/rust-lang/crates.io-index"

[[package]]
name = "oxcc"
version = "0.0.1"
dependencies = [
 "cortex-m 0.5.4 (registry+https://github.com/rust-lang/crates.io-index)",
 "cortex-m-rt 0.5.2 (registry+https://github.com/rust-lang/crates.io-index)",
 "cortex-m-semihosting 0.3.0 (registry+https://github.com/rust-lang/crates.io-index)",
 "embedded-hal 0.2.1 (registry+https://github.com/rust-lang/crates.io-index)",
 "nucleo-f767zi 0.0.1 (git+https://github.com/jonlamb-gh/nucleo-f767zi.git?branch=devel)",
 "num 0.2.0 (registry+https://github.com/rust-lang/crates.io-index)",
 "panic-abort 0.2.0 (registry+https://github.com/rust-lang/crates.io-index)",
 "panic-semihosting 0.3.0 (registry+https://github.com/rust-lang/crates.io-index)",
 "typenum 1.10.0 (registry+https://github.com/rust-lang/crates.io-index)",
]

[[package]]
name = "panic-abort"
version = "0.2.0"
source = "registry+https://github.com/rust-lang/crates.io-index"

[[package]]
name = "panic-semihosting"
version = "0.3.0"
source = "registry+https://github.com/rust-lang/crates.io-index"
dependencies = [
 "cortex-m 0.5.4 (registry+https://github.com/rust-lang/crates.io-index)",
 "cortex-m-semihosting 0.3.0 (registry+https://github.com/rust-lang/crates.io-index)",
]

[[package]]
name = "r0"
version = "0.2.2"
source = "registry+https://github.com/rust-lang/crates.io-index"

[[package]]
name = "stm32f7"
version = "0.2.2"
source = "git+https://github.com/jonlamb-gh/stm32-rs.git?branch=stm32f767zit6-patches#eccde932f1c0c62a69547cdfee8a072fd2f7617a"
dependencies = [
 "bare-metal 0.2.3 (registry+https://github.com/rust-lang/crates.io-index)",
 "cortex-m 0.5.4 (registry+https://github.com/rust-lang/crates.io-index)",
 "cortex-m-rt 0.5.2 (registry+https://github.com/rust-lang/crates.io-index)",
 "vcell 0.1.0 (registry+https://github.com/rust-lang/crates.io-index)",
]

[[package]]
name = "stm32f767-hal"
version = "0.0.1"
source = "git+https://github.com/jonlamb-gh/stm32f767-hal.git?branch=devel#eb667d5ef38cc0eb0a307bff35cb8c32fb2ec5b6"
dependencies = [
 "cast 0.2.2 (registry+https://github.com/rust-lang/crates.io-index)",
 "cortex-m 0.5.4 (registry+https://github.com/rust-lang/crates.io-index)",
 "embedded-hal 0.2.1 (registry+https://github.com/rust-lang/crates.io-index)",
 "embedded_types 0.3.2 (registry+https://github.com/rust-lang/crates.io-index)",
 "nb 0.1.1 (registry+https://github.com/rust-lang/crates.io-index)",
 "stm32f7 0.2.2 (git+https://github.com/jonlamb-gh/stm32-rs.git?branch=stm32f767zit6-patches)",
 "void 1.0.2 (registry+https://github.com/rust-lang/crates.io-index)",
]

[[package]]
name = "typenum"
version = "1.10.0"
source = "registry+https://github.com/rust-lang/crates.io-index"

[[package]]
name = "vcell"
version = "0.1.0"
source = "registry+https://github.com/rust-lang/crates.io-index"

[[package]]
name = "void"
version = "1.0.2"
source = "registry+https://github.com/rust-lang/crates.io-index"

[[package]]
name = "volatile-register"
version = "0.2.0"
source = "registry+https://github.com/rust-lang/crates.io-index"
dependencies = [
 "vcell 0.1.0 (registry+https://github.com/rust-lang/crates.io-index)",
]

[metadata]
"checksum aligned 0.2.0 (registry+https://github.com/rust-lang/crates.io-index)" = "d39da9b88ae1a81c03c9c082b8db83f1d0e93914126041962af61034ab44c4a5"
"checksum bare-metal 0.2.3 (registry+https://github.com/rust-lang/crates.io-index)" = "1bdcf9294ed648c7cd29b11db06ea244005aeef50ae8f605b1a3af2940bf8f92"
"checksum cast 0.2.2 (registry+https://github.com/rust-lang/crates.io-index)" = "926013f2860c46252efceabb19f4a6b308197505082c609025aa6706c011d427"
"checksum cc 1.0.18 (registry+https://github.com/rust-lang/crates.io-index)" = "2119ea4867bd2b8ed3aecab467709720b2d55b1bcfe09f772fd68066eaf15275"
"checksum cortex-m 0.5.4 (registry+https://github.com/rust-lang/crates.io-index)" = "a0fe072148cea4ada9239b401e5ab704bc6db52d2520be68a2483e5e4a78b8a2"
"checksum cortex-m-rt 0.5.2 (registry+https://github.com/rust-lang/crates.io-index)" = "b4de9e6421e777c5889981a5c2a7d99d1e902d0e81f13373e7333ca48329c6e4"
"checksum cortex-m-semihosting 0.3.0 (registry+https://github.com/rust-lang/crates.io-index)" = "0b3d0df96d537c4f66dd9f4d1da21d83f9a5917990196925b3603be85e46071e"
"checksum embedded-hal 0.2.1 (registry+https://github.com/rust-lang/crates.io-index)" = "26944677e4934eb5fb4025501dc0d6cdbcf6bfabd6200fcfee2e7e8eef8c0362"
"checksum embedded_types 0.3.2 (registry+https://github.com/rust-lang/crates.io-index)" = "ea8dc5db8dae723ecf68d863ff0011500e29fbbede193fa8fb3ca032595d3f6a"
"checksum nb 0.1.1 (registry+https://github.com/rust-lang/crates.io-index)" = "69f380b5fe9fab8c0d7a6a99cda23e2cc0463bedb2cbc3aada0813b98496ecdc"
"checksum nucleo-f767zi 0.0.1 (git+https://github.com/jonlamb-gh/nucleo-f767zi.git?branch=devel)" = "<none>"
"checksum num 0.2.0 (registry+https://github.com/rust-lang/crates.io-index)" = "cf4825417e1e1406b3782a8ce92f4d53f26ec055e3622e1881ca8e9f5f9e08db"
"checksum num-complex 0.2.0 (registry+https://github.com/rust-lang/crates.io-index)" = "68de83578789e0fbda3fa923035be83cf8bfd3b30ccfdecd5aa89bf8601f408e"
"checksum num-integer 0.1.39 (registry+https://github.com/rust-lang/crates.io-index)" = "e83d528d2677f0518c570baf2b7abdcf0cd2d248860b68507bdcb3e91d4c0cea"
"checksum num-iter 0.1.37 (registry+https://github.com/rust-lang/crates.io-index)" = "af3fdbbc3291a5464dc57b03860ec37ca6bf915ed6ee385e7c6c052c422b2124"
"checksum num-rational 0.2.1 (registry+https://github.com/rust-lang/crates.io-index)" = "4e96f040177bb3da242b5b1ecf3f54b5d5af3efbbfb18608977a5d2767b22f10"
"checksum num-traits 0.2.5 (registry+https://github.com/rust-lang/crates.io-index)" = "630de1ef5cc79d0cdd78b7e33b81f083cbfe90de0f4b2b2f07f905867c70e9fe"
"checksum panic-abort 0.2.0 (registry+https://github.com/rust-lang/crates.io-index)" = "6bc796c620f27056d4ffe7c558533fd67ae5af0fd8e919fbe38de803368af73e"
"checksum panic-semihosting 0.3.0 (registry+https://github.com/rust-lang/crates.io-index)" = "52f64dcd9aebf9d40f8c40ab4400bab503c89997330b8d775c20f373bf0e13fc"
"checksum r0 0.2.2 (registry+https://github.com/rust-lang/crates.io-index)" = "e2a38df5b15c8d5c7e8654189744d8e396bddc18ad48041a500ce52d6948941f"
"checksum stm32f7 0.2.2 (git+https://github.com/jonlamb-gh/stm32-rs.git?branch=stm32f767zit6-patches)" = "<none>"
"checksum stm32f767-hal 0.0.1 (git+https://github.com/jonlamb-gh/stm32f767-hal.git?branch=devel)" = "<none>"
"checksum typenum 1.10.0 (registry+https://github.com/rust-lang/crates.io-index)" = "612d636f949607bdf9b123b4a6f6d966dedf3ff669f7f045890d3a4a73948169"
"checksum vcell 0.1.0 (registry+https://github.com/rust-lang/crates.io-index)" = "45c297f0afb6928cd08ab1ff9d95e99392595ea25ae1b5ecf822ff8764e57a0d"
"checksum void 1.0.2 (registry+https://github.com/rust-lang/crates.io-index)" = "6a02e4885ed3bc0f2de90ea6dd45ebcbb66dacffe03547fadbb0eeae2770887d"
"checksum volatile-register 0.2.0 (registry+https://github.com/rust-lang/crates.io-index)" = "0d67cb4616d99b940db1d6bd28844ff97108b498a6ca850e5b6191a532063286"
